
Microsoft Visual Studio Solution File, Format Version 12.00
# Visual Studio Version 17
VisualStudioVersion = 17.2.32526.322
MinimumVisualStudioVersion = 10.0.40219.1
Project("{FAE04EC0-301F-11D3-BF4B-00C04F79EFBC}") = "ConsoleApp18", "ConsoleApp18\ConsoleApp18.csproj", "{79D68BA4-9102-403B-A214-DD9C9A66F390}"
EndProject
Global
	GlobalSection(SolutionConfigurationPlatforms) = preSolution
		Debug|Any CPU = Debug|Any CPU
		Release|Any CPU = Release|Any CPU
	EndGlobalSection
	GlobalSection(ProjectConfigurationPlatforms) = postSolution
		{79D68BA4-9102-403B-A214-DD9C9A66F390}.Debug|Any CPU.ActiveCfg = Debug|Any CPU
		{79D68BA4-9102-403B-A214-DD9C9A66F390}.Debug|Any CPU.Build.0 = Debug|Any CPU
		{79D68BA4-9102-403B-A214-DD9C9A66F390}.Release|Any CPU.ActiveCfg = Release|Any CPU
		{79D68BA4-9102-403B-A214-DD9C9A66F390}.Release|Any CPU.Build.0 = Release|Any CPU
	EndGlobalSection
	GlobalSection(SolutionProperties) = preSolution
		HideSolutionNode = FALSE
	EndGlobalSection
	GlobalSection(ExtensibilityGlobals) = postSolution
		SolutionGuid = {EEB15538-C199-44CA-97C9-A9C727C8012C}
	EndGlobalSection
EndGlobal
